
Microsoft Visual Studio Solution File, Format Version 12.00
# Visual Studio Version 17
VisualStudioVersion = 17.9.34607.119
MinimumVisualStudioVersion = 10.0.40219.1
Project("{FAE04EC0-301F-11D3-BF4B-00C04F79EFBC}") = "Tela_de_login", "Tela_de_login.csproj", "{BEC4AE6C-930C-4DE8-9922-4503A52F0C8B}"
EndProject
Global
	GlobalSection(SolutionConfigurationPlatforms) = preSolution
		Debug|Any CPU = Debug|Any CPU
		Release|Any CPU = Release|Any CPU
	EndGlobalSection
	GlobalSection(ProjectConfigurationPlatforms) = postSolution
		{BEC4AE6C-930C-4DE8-9922-4503A52F0C8B}.Debug|Any CPU.ActiveCfg = Debug|Any CPU
		{BEC4AE6C-930C-4DE8-9922-4503A52F0C8B}.Debug|Any CPU.Build.0 = Debug|Any CPU
		{BEC4AE6C-930C-4DE8-9922-4503A52F0C8B}.Release|Any CPU.ActiveCfg = Release|Any CPU
		{BEC4AE6C-930C-4DE8-9922-4503A52F0C8B}.Release|Any CPU.Build.0 = Release|Any CPU
	EndGlobalSection
	GlobalSection(SolutionProperties) = preSolution
		HideSolutionNode = FALSE
	EndGlobalSection
	GlobalSection(ExtensibilityGlobals) = postSolution
		SolutionGuid = {2C08BE42-1467-4779-969D-2AE804D89973}
	EndGlobalSection
EndGlobal
